
Microsoft Visual Studio Solution File, Format Version 12.00
# Visual Studio Version 16
VisualStudioVersion = 16.0.30804.86
MinimumVisualStudioVersion = 10.0.40219.1
Project("{FAE04EC0-301F-11D3-BF4B-00C04F79EFBC}") = "LexiConsole", "LexiConsole\LexiConsole.csproj", "{6E04024E-54CA-4EF2-B6CC-B6BA67E31B83}"
EndProject
Global
	GlobalSection(SolutionConfigurationPlatforms) = preSolution
		Debug|Any CPU = Debug|Any CPU
		Release|Any CPU = Release|Any CPU
	EndGlobalSection
	GlobalSection(ProjectConfigurationPlatforms) = postSolution
		{6E04024E-54CA-4EF2-B6CC-B6BA67E31B83}.Debug|Any CPU.ActiveCfg = Debug|Any CPU
		{6E04024E-54CA-4EF2-B6CC-B6BA67E31B83}.Debug|Any CPU.Build.0 = Debug|Any CPU
		{6E04024E-54CA-4EF2-B6CC-B6BA67E31B83}.Release|Any CPU.ActiveCfg = Release|Any CPU
		{6E04024E-54CA-4EF2-B6CC-B6BA67E31B83}.Release|Any CPU.Build.0 = Release|Any CPU
	EndGlobalSection
	GlobalSection(SolutionProperties) = preSolution
		HideSolutionNode = FALSE
	EndGlobalSection
	GlobalSection(ExtensibilityGlobals) = postSolution
		SolutionGuid = {8D082657-EAA9-40B8-BAB6-235EF7E187A4}
	EndGlobalSection
EndGlobal
